
Microsoft Visual Studio Solution File, Format Version 12.00
# Visual Studio 14
VisualStudioVersion = 14.0.25420.1
MinimumVisualStudioVersion = 10.0.40219.1
Project("{FAE04EC0-301F-11D3-BF4B-00C04F79EFBC}") = "MobileOpsPilotData", "MobileOpsPilotData\MobileOpsPilotData.csproj", "{C40A6A16-B717-4D36-BF47-4E0F5305DB1D}"
EndProject
Project("{FAE04EC0-301F-11D3-BF4B-00C04F79EFBC}") = "MobileOpsPilotData.Repository", "MobileOpsPilotData.Repository\MobileOpsPilotData.Repository.csproj", "{C7CA8648-1B59-428A-A395-9EE6A83AF718}"
EndProject
Project("{FAE04EC0-301F-11D3-BF4B-00C04F79EFBC}") = "MobileOpsPilotData.Service", "MobileOpsPilotData.Service\MobileOpsPilotData.Service.csproj", "{684F4128-7F2C-4521-A04F-E688E5A863F6}"
EndProject
Global
	GlobalSection(SolutionConfigurationPlatforms) = preSolution
		Debug|Any CPU = Debug|Any CPU
		Release|Any CPU = Release|Any CPU
	EndGlobalSection
	GlobalSection(ProjectConfigurationPlatforms) = postSolution
		{C40A6A16-B717-4D36-BF47-4E0F5305DB1D}.Debug|Any CPU.ActiveCfg = Debug|Any CPU
		{C40A6A16-B717-4D36-BF47-4E0F5305DB1D}.Debug|Any CPU.Build.0 = Debug|Any CPU
		{C40A6A16-B717-4D36-BF47-4E0F5305DB1D}.Release|Any CPU.ActiveCfg = Release|Any CPU
		{C40A6A16-B717-4D36-BF47-4E0F5305DB1D}.Release|Any CPU.Build.0 = Release|Any CPU
		{C7CA8648-1B59-428A-A395-9EE6A83AF718}.Debug|Any CPU.ActiveCfg = Debug|Any CPU
		{C7CA8648-1B59-428A-A395-9EE6A83AF718}.Debug|Any CPU.Build.0 = Debug|Any CPU
		{C7CA8648-1B59-428A-A395-9EE6A83AF718}.Release|Any CPU.ActiveCfg = Release|Any CPU
		{C7CA8648-1B59-428A-A395-9EE6A83AF718}.Release|Any CPU.Build.0 = Release|Any CPU
		{684F4128-7F2C-4521-A04F-E688E5A863F6}.Debug|Any CPU.ActiveCfg = Debug|Any CPU
		{684F4128-7F2C-4521-A04F-E688E5A863F6}.Debug|Any CPU.Build.0 = Debug|Any CPU
		{684F4128-7F2C-4521-A04F-E688E5A863F6}.Release|Any CPU.ActiveCfg = Release|Any CPU
		{684F4128-7F2C-4521-A04F-E688E5A863F6}.Release|Any CPU.Build.0 = Release|Any CPU
	EndGlobalSection
	GlobalSection(SolutionProperties) = preSolution
		HideSolutionNode = FALSE
	EndGlobalSection
EndGlobal
